
Microsoft Visual Studio Solution File, Format Version 12.00
# Visual Studio Version 16
VisualStudioVersion = 16.0.32126.315
MinimumVisualStudioVersion = 10.0.40219.1
Project("{8BC9CEB8-8B4A-11D0-8D11-00A0C91BC942}") = "AdvancedNotePad", "AdvancedNotePad.vcxproj", "{09307987-EEF5-4001-B368-F9DFE4518FA2}"
EndProject
Global
	GlobalSection(SolutionConfigurationPlatforms) = preSolution
		Debug|x64 = Debug|x64
		Release|x64 = Release|x64
	EndGlobalSection
	GlobalSection(ProjectConfigurationPlatforms) = postSolution
		{09307987-EEF5-4001-B368-F9DFE4518FA2}.Debug|x64.ActiveCfg = Debug|x64
		{09307987-EEF5-4001-B368-F9DFE4518FA2}.Debug|x64.Build.0 = Debug|x64
		{09307987-EEF5-4001-B368-F9DFE4518FA2}.Release|x64.ActiveCfg = Release|x64
		{09307987-EEF5-4001-B368-F9DFE4518FA2}.Release|x64.Build.0 = Release|x64
	EndGlobalSection
	GlobalSection(SolutionProperties) = preSolution
		HideSolutionNode = FALSE
	EndGlobalSection
	GlobalSection(ExtensibilityGlobals) = postSolution
		SolutionGuid = {B60C7C8A-FD8C-4049-80A8-8438ACB4F86E}
	EndGlobalSection
EndGlobal
